// !$*UTF8*$!
{
	archiveVersion = 1;
	classes = {
	};
	objectVersion = 50;
	objects = {

/* Begin PBXBuildFile section */
		670AA3892578360C0080FC7F /* Parks_in_New_Jersey.geojson in Resources */ = {isa = PBXBuildFile; fileRef = 670AA3882578360C0080FC7F /* Parks_in_New_Jersey.geojson */; };
		67DC410C257702DE00D08E26 /* AppDelegate.swift in Sources */ = {isa = PBXBuildFile; fileRef = 67DC410B257702DE00D08E26 /* AppDelegate.swift */; };
		67DC410E257702DE00D08E26 /* SceneDelegate.swift in Sources */ = {isa = PBXBuildFile; fileRef = 67DC410D257702DE00D08E26 /* SceneDelegate.swift */; };
		67DC4110257702DE00D08E26 /* ViewController.swift in Sources */ = {isa = PBXBuildFile; fileRef = 67DC410F257702DE00D08E26 /* ViewController.swift */; };
		67DC4113257702DE00D08E26 /* Main.storyboard in Resources */ = {isa = PBXBuildFile; fileRef = 67DC4111257702DE00D08E26 /* Main.storyboard */; };
		67DC4115257702E000D08E26 /* Assets.xcassets in Resources */ = {isa = PBXBuildFile; fileRef = 67DC4114257702E000D08E26 /* Assets.xcassets */; };
		67DC4118257702E000D08E26 /* LaunchScreen.storyboard in Resources */ = {isa = PBXBuildFile; fileRef = 67DC4116257702E000D08E26 /* LaunchScreen.storyboard */; };
		67DC412025770E2700D08E26 /* Park.swift in Sources */ = {isa = PBXBuildFile; fileRef = 67DC411F25770E2700D08E26 /* Park.swift */; };
/* End PBXBuildFile section */

/* Begin PBXFileReference section */
		670AA3882578360C0080FC7F /* Parks_in_New_Jersey.geojson */ = {isa = PBXFileReference; fileEncoding = 4; lastKnownFileType = text; path = Parks_in_New_Jersey.geojson; sourceTree = "<group>"; };
		67DC4108257702DE00D08E26 /* NJParksMap.app */ = {isa = PBXFileReference; explicitFileType = wrapper.application; includeInIndex = 0; path = NJParksMap.app; sourceTree = BUILT_PRODUCTS_DIR; };
		67DC410B257702DE00D08E26 /* AppDelegate.swift */ = {isa = PBXFileReference; lastKnownFileType = sourcecode.swift; path = AppDelegate.swift; sourceTree = "<group>"; };
		67DC410D257702DE00D08E26 /* SceneDelegate.swift */ = {isa = PBXFileReference; lastKnownFileType = sourcecode.swift; path = SceneDelegate.swift; sourceTree = "<group>"; };
		67DC410F257702DE00D08E26 /* ViewController.swift */ = {isa = PBXFileReference; lastKnownFileType = sourcecode.swift; path = ViewController.swift; sourceTree = "<group>"; };
		67DC4112257702DE00D08E26 /* Base */ = {isa = PBXFileReference; lastKnownFileType = file.storyboard; name = Base; path = Base.lproj/Main.storyboard; sourceTree = "<group>"; };
		67DC4114257702E000D08E26 /* Assets.xcassets */ = {isa = PBXFileReference; lastKnownFileType = folder.assetcatalog; path = Assets.xcassets; sourceTree = "<group>"; };
		67DC4117257702E000D08E26 /* Base */ = {isa = PBXFileReference; lastKnownFileType = file.storyboard; name = Base; path = Base.lproj/LaunchScreen.storyboard; sourceTree = "<group>"; };
		67DC4119257702E000D08E26 /* Info.plist */ = {isa = PBXFileReference; lastKnownFileType = text.plist.xml; path = Info.plist; sourceTree = "<group>"; };
		67DC411F25770E2700D08E26 /* Park.swift */ = {isa = PBXFileReference; lastKnownFileType = sourcecode.swift; path = Park.swift; sourceTree = "<group>"; };
/* End PBXFileReference section */

/* Begin PBXFrameworksBuildPhase section */
		67DC4105257702DE00D08E26 /* Frameworks */ = {
			isa = PBXFrameworksBuildPhase;
			buildActionMask = 2147483647;
			files = (
			);
			runOnlyForDeploymentPostprocessing = 0;
		};
/* End PBXFrameworksBuildPhase section */

/* Begin PBXGroup section */
		67DC40FF257702DD00D08E26 = {
			isa = PBXGroup;
			children = (
				67DC410A257702DE00D08E26 /* NJParksMap */,
				67DC4109257702DE00D08E26 /* Products */,
			);
			sourceTree = "<group>";
		};
		67DC4109257702DE00D08E26 /* Products */ = {
			isa = PBXGroup;
			children = (
				67DC4108257702DE00D08E26 /* NJParksMap.app */,
			);
			name = Products;
			sourceTree = "<group>";
		};
		67DC410A257702DE00D08E26 /* NJParksMap */ = {
			isa = PBXGroup;
			children = (
				670AA3882578360C0080FC7F /* Parks_in_New_Jersey.geojson */,
				67DC410B257702DE00D08E26 /* AppDelegate.swift */,
				67DC410D257702DE00D08E26 /* SceneDelegate.swift */,
				67DC410F257702DE00D08E26 /* ViewController.swift */,
				67DC4111257702DE00D08E26 /* Main.storyboard */,
				67DC4114257702E000D08E26 /* Assets.xcassets */,
				67DC4116257702E000D08E26 /* LaunchScreen.storyboard */,
				67DC4119257702E000D08E26 /* Info.plist */,
				67DC411F25770E2700D08E26 /* Park.swift */,
			);
			path = NJParksMap;
			sourceTree = "<group>";
		};
/* End PBXGroup section */

/* Begin PBXNativeTarget section */
		67DC4107257702DE00D08E26 /* NJParksMap */ = {
			isa = PBXNativeTarget;
			buildConfigurationList = 67DC411C257702E000D08E26 /* Build configuration list for PBXNativeTarget "NJParksMap" */;
			buildPhases = (
				67DC4104257702DE00D08E26 /* Sources */,
				67DC4105257702DE00D08E26 /* Frameworks */,
				67DC4106257702DE00D08E26 /* Resources */,
			);
			buildRules = (
			);
			dependencies = (
			);
			name = NJParksMap;
			productName = NJParksMap;
			productReference = 67DC4108257702DE00D08E26 /* NJParksMap.app */;
			productType = "com.apple.product-type.application";
		};
/* End PBXNativeTarget section */

/* Begin PBXProject section */
		67DC4100257702DD00D08E26 /* Project object */ = {
			isa = PBXProject;
			attributes = {
				LastSwiftUpdateCheck = 1170;
				LastUpgradeCheck = 1170;
				ORGANIZATIONNAME = "Krish Bhavnani";
				TargetAttributes = {
					67DC4107257702DE00D08E26 = {
						CreatedOnToolsVersion = 11.7;
					};
				};
			};
			buildConfigurationList = 67DC4103257702DD00D08E26 /* Build configuration list for PBXProject "NJParksMap" */;
			compatibilityVersion = "Xcode 9.3";
			developmentRegion = en;
			hasScannedForEncodings = 0;
			knownRegions = (
				en,
				Base,
			);
			mainGroup = 67DC40FF257702DD00D08E26;
			productRefGroup = 67DC4109257702DE00D08E26 /* Products */;
			projectDirPath = "";
			projectRoot = "";
			targets = (
				67DC4107257702DE00D08E26 /* NJParksMap */,
			);
		};
/* End PBXProject section */

/* Begin PBXResourcesBuildPhase section */
		67DC4106257702DE00D08E26 /* Resources */ = {
			isa = PBXResourcesBuildPhase;
			buildActionMask = 2147483647;
			files = (
				67DC4118257702E000D08E26 /* LaunchScreen.storyboard in Resources */,
				67DC4115257702E000D08E26 /* Assets.xcassets in Resources */,
				67DC4113257702DE00D08E26 /* Main.storyboard in Resources */,
				670AA3892578360C0080FC7F /* Parks_in_New_Jersey.geojson in Resources */,
			);
			runOnlyForDeploymentPostprocessing = 0;
		};
/* End PBXResourcesBuildPhase section */

/* Begin PBXSourcesBuildPhase section */
		67DC4104257702DE00D08E26 /* Sources */ = {
			isa = PBXSourcesBuildPhase;
			buildActionMask = 2147483647;
			files = (
				67DC4110257702DE00D08E26 /* ViewController.swift in Sources */,
				67DC410C257702DE00D08E26 /* AppDelegate.swift in Sources */,
				67DC410E257702DE00D08E26 /* SceneDelegate.swift in Sources */,
				67DC412025770E2700D08E26 /* Park.swift in Sources */,
			);
			runOnlyForDeploymentPostprocessing = 0;
		};
/* End PBXSourcesBuildPhase section */

/* Begin PBXVariantGroup section */
		67DC4111257702DE00D08E26 /* Main.storyboard */ = {
			isa = PBXVariantGroup;
			children = (
				67DC4112257702DE00D08E26 /* Base */,
			);
			name = Main.storyboard;
			sourceTree = "<group>";
		};
		67DC4116257702E000D08E26 /* LaunchScreen.storyboard */ = {
			isa = PBXVariantGroup;
			children = (
				67DC4117257702E000D08E26 /* Base */,
			);
			name = LaunchScreen.storyboard;
			sourceTree = "<group>";
		};
/* End PBXVariantGroup section */

/* Begin XCBuildConfiguration section */
		67DC411A257702E000D08E26 /* Debug */ = {
			isa = XCBuildConfiguration;
			buildSettings = {
				ALWAYS_SEARCH_USER_PATHS = NO;
				CLANG_ANALYZER_NONNULL = YES;
				CLANG_ANALYZER_NUMBER_OBJECT_CONVERSION = YES_AGGRESSIVE;
				CLANG_CXX_LANGUAGE_STANDARD = "gnu++14";
				CLANG_CXX_LIBRARY = "libc++";
				CLANG_ENABLE_MODULES = YES;
				CLANG_ENABLE_OBJC_ARC = YES;
				CLANG_ENABLE_OBJC_WEAK = YES;
				CLANG_WARN_BLOCK_CAPTURE_AUTORELEASING = YES;
				CLANG_WARN_BOOL_CONVERSION = YES;
				CLANG_WARN_COMMA = YES;
				CLANG_WARN_CONSTANT_CONVERSION = YES;
				CLANG_WARN_DEPRECATED_OBJC_IMPLEMENTATIONS = YES;
				CLANG_WARN_DIRECT_OBJC_ISA_USAGE = YES_ERROR;
				CLANG_WARN_DOCUMENTATION_COMMENTS = YES;
				CLANG_WARN_EMPTY_BODY = YES;
				CLANG_WARN_ENUM_CONVERSION = YES;
				CLANG_WARN_INFINITE_RECURSION = YES;
				CLANG_WARN_INT_CONVERSION = YES;
				CLANG_WARN_NON_LITERAL_NULL_CONVERSION = YES;
				CLANG_WARN_OBJC_IMPLICIT_RETAIN_SELF = YES;
				CLANG_WARN_OBJC_LITERAL_CONVERSION = YES;
				CLANG_WARN_OBJC_ROOT_CLASS = YES_ERROR;
				CLANG_WARN_RANGE_LOOP_ANALYSIS = YES;
				CLANG_WARN_STRICT_PROTOTYPES = YES;
				CLANG_WARN_SUSPICIOUS_MOVE = YES;
				CLANG_WARN_UNGUARDED_AVAILABILITY = YES_AGGRESSIVE;
				CLANG_WARN_UNREACHABLE_CODE = YES;
				CLANG_WARN__DUPLICATE_METHOD_MATCH = YES;
				COPY_PHASE_STRIP = NO;
				DEBUG_INFORMATION_FORMAT = dwarf;
				ENABLE_STRICT_OBJC_MSGSEND = YES;
				ENABLE_TESTABILITY = YES;
				GCC_C_LANGUAGE_STANDARD = gnu11;
				GCC_DYNAMIC_NO_PIC = NO;
				GCC_NO_COMMON_BLOCKS = YES;
				GCC_OPTIMIZATION_LEVEL = 0;
				GCC_PREPROCESSOR_DEFINITIONS = (
					"DEBUG=1",
					"$(inherited)",
				);
				GCC_WARN_64_TO_32_BIT_CONVERSION = YES;
				GCC_WARN_ABOUT_RETURN_TYPE = YES_ERROR;
				GCC_WARN_UNDECLARED_SELECTOR = YES;
				GCC_WARN_UNINITIALIZED_AUTOS = YES_AGGRESSIVE;
				GCC_WARN_UNUSED_FUNCTION = YES;
				GCC_WARN_UNUSED_VARIABLE = YES;
				IPHONEOS_DEPLOYMENT_TARGET = 13.7;
				MTL_ENABLE_DEBUG_INFO = INCLUDE_SOURCE;
				MTL_FAST_MATH = YES;
				ONLY_ACTIVE_ARCH = YES;
				SDKROOT = iphoneos;
				SWIFT_ACTIVE_COMPILATION_CONDITIONS = DEBUG;
				SWIFT_OPTIMIZATION_LEVEL = "-Onone";
			};
			name = Debug;
		};
		67DC411B257702E000D08E26 /* Release */ = {
			isa = XCBuildConfiguration;
			buildSettings = {
				ALWAYS_SEARCH_USER_PATHS = NO;
				CLANG_ANALYZER_NONNULL = YES;
				CLANG_ANALYZER_NUMBER_OBJECT_CONVERSION = YES_AGGRESSIVE;
				CLANG_CXX_LANGUAGE_STANDARD = "gnu++14";
				CLANG_CXX_LIBRARY = "libc++";
				CLANG_ENABLE_MODULES = YES;
				CLANG_ENABLE_OBJC_ARC = YES;
				CLANG_ENABLE_OBJC_WEAK = YES;
				CLANG_WARN_BLOCK_CAPTURE_AUTORELEASING = YES;
				CLANG_WARN_BOOL_CONVERSION = YES;
				CLANG_WARN_COMMA = YES;
				CLANG_WARN_CONSTANT_CONVERSION = YES;
				CLANG_WARN_DEPRECATED_OBJC_IMPLEMENTATIONS = YES;
				CLANG_WARN_DIRECT_OBJC_ISA_USAGE = YES_ERROR;
				CLANG_WARN_DOCUMENTATION_COMMENTS = YES;
				CLANG_WARN_EMPTY_BODY = YES;
				CLANG_WARN_ENUM_CONVERSION = YES;
				CLANG_WARN_INFINITE_RECURSION = YES;
				CLANG_WARN_INT_CONVERSION = YES;
				CLANG_WARN_NON_LITERAL_NULL_CONVERSION = YES;
				CLANG_WARN_OBJC_IMPLICIT_RETAIN_SELF = YES;
				CLANG_WARN_OBJC_LITERAL_CONVERSION = YES;
				CLANG_WARN_OBJC_ROOT_CLASS = YES_ERROR;
				CLANG_WARN_RANGE_LOOP_ANALYSIS = YES;
				CLANG_WARN_STRICT_PROTOTYPES = YES;
				CLANG_WARN_SUSPICIOUS_MOVE = YES;
				CLANG_WARN_UNGUARDED_AVAILABILITY = YES_AGGRESSIVE;
				CLANG_WARN_UNREACHABLE_CODE = YES;
				CLANG_WARN__DUPLICATE_METHOD_MATCH = YES;
				COPY_PHASE_STRIP = NO;
				DEBUG_INFORMATION_FORMAT = "dwarf-with-dsym";
				ENABLE_NS_ASSERTIONS = NO;
				ENABLE_STRICT_OBJC_MSGSEND = YES;
				GCC_C_LANGUAGE_STANDARD = gnu11;
				GCC_NO_COMMON_BLOCKS = YES;
				GCC_WARN_64_TO_32_BIT_CONVERSION = YES;
				GCC_WARN_ABOUT_RETURN_TYPE = YES_ERROR;
				GCC_WARN_UNDECLARED_SELECTOR = YES;
				GCC_WARN_UNINITIALIZED_AUTOS = YES_AGGRESSIVE;
				GCC_WARN_UNUSED_FUNCTION = YES;
				GCC_WARN_UNUSED_VARIABLE = YES;
				IPHONEOS_DEPLOYMENT_TARGET = 13.7;
				MTL_ENABLE_DEBUG_INFO = NO;
				MTL_FAST_MATH = YES;
				SDKROOT = iphoneos;
				SWIFT_COMPILATION_MODE = wholemodule;
				SWIFT_OPTIMIZATION_LEVEL = "-O";
				VALIDATE_PRODUCT = YES;
			};
			name = Release;
		};
		67DC411D257702E000D08E26 /* Debug */ = {
			isa = XCBuildConfiguration;
			buildSettings = {
				ASSETCATALOG_COMPILER_APPICON_NAME = AppIcon;
				CODE_SIGN_STYLE = Automatic;
				INFOPLIST_FILE = NJParksMap/Info.plist;
				LD_RUNPATH_SEARCH_PATHS = (
					"$(inherited)",
					"@executable_path/Frameworks",
				);
				PRODUCT_BUNDLE_IDENTIFIER = com.Krish.NJParksMap;
				PRODUCT_NAME = "$(TARGET_NAME)";
				SWIFT_VERSION = 5.0;
				TARGETED_DEVICE_FAMILY = "1,2";
			};
			name = Debug;
		};
		67DC411E257702E000D08E26 /* Release */ = {
			isa = XCBuildConfiguration;
			buildSettings = {
				ASSETCATALOG_COMPILER_APPICON_NAME = AppIcon;
				CODE_SIGN_STYLE = Automatic;
				INFOPLIST_FILE = NJParksMap/Info.plist;
				LD_RUNPATH_SEARCH_PATHS = (
					"$(inherited)",
					"@executable_path/Frameworks",
				);
				PRODUCT_BUNDLE_IDENTIFIER = com.Krish.NJParksMap;
				PRODUCT_NAME = "$(TARGET_NAME)";
				SWIFT_VERSION = 5.0;
				TARGETED_DEVICE_FAMILY = "1,2";
			};
			name = Release;
		};
/* End XCBuildConfiguration section */

/* Begin XCConfigurationList section */
		67DC4103257702DD00D08E26 /* Build configuration list for PBXProject "NJParksMap" */ = {
			isa = XCConfigurationList;
			buildConfigurations = (
				67DC411A257702E000D08E26 /* Debug */,
				67DC411B257702E000D08E26 /* Release */,
			);
			defaultConfigurationIsVisible = 0;
			defaultConfigurationName = Release;
		};
		67DC411C257702E000D08E26 /* Build configuration list for PBXNativeTarget "NJParksMap" */ = {
			isa = XCConfigurationList;
			buildConfigurations = (
				67DC411D257702E000D08E26 /* Debug */,
				67DC411E257702E000D08E26 /* Release */,
			);
			defaultConfigurationIsVisible = 0;
			defaultConfigurationName = Release;
		};
/* End XCConfigurationList section */
	};
	rootObject = 67DC4100257702DD00D08E26 /* Project object */;
}
